{
  "name": "reviewerlizer",
  "version": "1.0.0",
  "lockfileVersion": 1,
  "requires": true,
  "dependencies": {
    "lodash": {
      "version": "4.17.11",
      "resolved": "https://registry.npmjs.org/lodash/-/lodash-4.17.11.tgz",
      "integrity": "sha512-cQKh8igo5QUhZ7lg38DYWAxMvjSAKG0A8wGSVimP07SIUEK2UO+arSRKbRZWtelMtN5V0Hkwh5ryOto/SshYIg=="
    },
    "markov-strings": {
      "version": "2.0.2",
      "resolved": "https://registry.npmjs.org/markov-strings/-/markov-strings-2.0.2.tgz",
      "integrity": "sha512-21UmgQpdVUztX9AD5VY6F+m1E4HtVPbIojODFNgX15pk0A1l2oaNET3bZXWOi0IOxZUHts/cU51oA/5tfN05WA==",
      "requires": {
        "lodash": "^4.17.11"
      }
    },
    "sentiment": {
      "version": "5.0.1",
      "resolved": "https://registry.npmjs.org/sentiment/-/sentiment-5.0.1.tgz",
      "integrity": "sha512-MSYs0mZKrBSsRTzou2hKlWuM6jQAm0AtFqAVtaRlqxjaxCTlVwTMz65VDeW9ov3aCcPM0Cvxcn5JnBo1mtreqg=="
    }
  }
}
